
Microsoft Visual Studio Solution File, Format Version 12.00
# Visual Studio Version 17
VisualStudioVersion = 17.8.34525.116
MinimumVisualStudioVersion = 10.0.40219.1
Project("{8BC9CEB8-8B4A-11D0-8D11-00A0C91BC942}") = "example_glut_opengl2", "example_glut_opengl2.vcxproj", "{F90D0333-5FB1-440D-918D-DD39A1B5187E}"
EndProject
Project("{8BC9CEB8-8B4A-11D0-8D11-00A0C91BC942}") = "freeglut", "..\..\..\freegl\freeglut.vcxproj", "{43393E22-B925-467C-AF1F-BD19AAE9A34E}"
EndProject
Global
	GlobalSection(SolutionConfigurationPlatforms) = preSolution
		Debug|x64 = Debug|x64
		Debug|x86 = Debug|x86
		Release|x64 = Release|x64
		Release|x86 = Release|x86
	EndGlobalSection
	GlobalSection(ProjectConfigurationPlatforms) = postSolution
		{F90D0333-5FB1-440D-918D-DD39A1B5187E}.Debug|x64.ActiveCfg = Debug|x64
		{F90D0333-5FB1-440D-918D-DD39A1B5187E}.Debug|x64.Build.0 = Debug|x64
		{F90D0333-5FB1-440D-918D-DD39A1B5187E}.Debug|x86.ActiveCfg = Debug|Win32
		{F90D0333-5FB1-440D-918D-DD39A1B5187E}.Debug|x86.Build.0 = Debug|Win32
		{F90D0333-5FB1-440D-918D-DD39A1B5187E}.Release|x64.ActiveCfg = Release|x64
		{F90D0333-5FB1-440D-918D-DD39A1B5187E}.Release|x64.Build.0 = Release|x64
		{F90D0333-5FB1-440D-918D-DD39A1B5187E}.Release|x86.ActiveCfg = Release|Win32
		{F90D0333-5FB1-440D-918D-DD39A1B5187E}.Release|x86.Build.0 = Release|Win32
		{43393E22-B925-467C-AF1F-BD19AAE9A34E}.Debug|x64.ActiveCfg = Debug|Win32
		{43393E22-B925-467C-AF1F-BD19AAE9A34E}.Debug|x64.Build.0 = Debug|Win32
		{43393E22-B925-467C-AF1F-BD19AAE9A34E}.Debug|x86.ActiveCfg = Debug|Win32
		{43393E22-B925-467C-AF1F-BD19AAE9A34E}.Debug|x86.Build.0 = Debug|Win32
		{43393E22-B925-467C-AF1F-BD19AAE9A34E}.Release|x64.ActiveCfg = Release|Win32
		{43393E22-B925-467C-AF1F-BD19AAE9A34E}.Release|x64.Build.0 = Release|Win32
		{43393E22-B925-467C-AF1F-BD19AAE9A34E}.Release|x86.ActiveCfg = Release|Win32
		{43393E22-B925-467C-AF1F-BD19AAE9A34E}.Release|x86.Build.0 = Release|Win32
	EndGlobalSection
	GlobalSection(SolutionProperties) = preSolution
		HideSolutionNode = FALSE
	EndGlobalSection
	GlobalSection(ExtensibilityGlobals) = postSolution
		SolutionGuid = {CA2CDAE6-CC91-4494-AB1D-EB5ED9EF03B8}
	EndGlobalSection
EndGlobal
